
Microsoft Visual Studio Solution File, Format Version 12.00
# Visual Studio 2017
Project("{FAE04EC0-301F-11D3-BF4B-00C04F79EFBC}") = "Adv. Jam 2018", "Adv. Jam 2018.csproj", "{DD6E71A6-FB57-3D2F-4092-3C8E78BA97DE}"
EndProject
Global
	GlobalSection(SolutionConfigurationPlatforms) = preSolution
		Debug|Any CPU = Debug|Any CPU
		Release|Any CPU = Release|Any CPU
	EndGlobalSection
	GlobalSection(ProjectConfigurationPlatforms) = postSolution
		{DD6E71A6-FB57-3D2F-4092-3C8E78BA97DE}.Debug|Any CPU.ActiveCfg = Debug|Any CPU
		{DD6E71A6-FB57-3D2F-4092-3C8E78BA97DE}.Debug|Any CPU.Build.0 = Debug|Any CPU
		{DD6E71A6-FB57-3D2F-4092-3C8E78BA97DE}.Release|Any CPU.ActiveCfg = Release|Any CPU
		{DD6E71A6-FB57-3D2F-4092-3C8E78BA97DE}.Release|Any CPU.Build.0 = Release|Any CPU
	EndGlobalSection
	GlobalSection(SolutionProperties) = preSolution
		HideSolutionNode = FALSE
	EndGlobalSection
EndGlobal
